// !$*UTF8*$!
{
	archiveVersion = 1;
	classes = {
	};
	objectVersion = 50;
	objects = {

/* Begin PBXBuildFile section */
		9A703DE62828606600104D57 /* AppDelegate.swift in Sources */ = {isa = PBXBuildFile; fileRef = 9A703DE52828606600104D57 /* AppDelegate.swift */; };
		9A703DE82828606600104D57 /* SceneDelegate.swift in Sources */ = {isa = PBXBuildFile; fileRef = 9A703DE72828606600104D57 /* SceneDelegate.swift */; };
		9A703DED2828606600104D57 /* Main.storyboard in Resources */ = {isa = PBXBuildFile; fileRef = 9A703DEB2828606600104D57 /* Main.storyboard */; };
		9A703DEF2828606900104D57 /* Assets.xcassets in Resources */ = {isa = PBXBuildFile; fileRef = 9A703DEE2828606900104D57 /* Assets.xcassets */; };
		9A703DF22828606900104D57 /* LaunchScreen.storyboard in Resources */ = {isa = PBXBuildFile; fileRef = 9A703DF02828606900104D57 /* LaunchScreen.storyboard */; };
		9A703E0628286F9400104D57 /* WeatherViewController.swift in Sources */ = {isa = PBXBuildFile; fileRef = 9A703E0528286F9400104D57 /* WeatherViewController.swift */; };
		9ADE3E5D2829460600FA31B6 /* WeatherManager.swift in Sources */ = {isa = PBXBuildFile; fileRef = 9ADE3E5C2829460600FA31B6 /* WeatherManager.swift */; };
		9ADE3E602829487500FA31B6 /* WeatherModel.swift in Sources */ = {isa = PBXBuildFile; fileRef = 9ADE3E5F2829487500FA31B6 /* WeatherModel.swift */; };
		9ADE3E632829496F00FA31B6 /* WeatherData.swift in Sources */ = {isa = PBXBuildFile; fileRef = 9ADE3E622829496F00FA31B6 /* WeatherData.swift */; };
/* End PBXBuildFile section */

/* Begin PBXFileReference section */
		9A703DE22828606600104D57 /* CityWeather.app */ = {isa = PBXFileReference; explicitFileType = wrapper.application; includeInIndex = 0; path = CityWeather.app; sourceTree = BUILT_PRODUCTS_DIR; };
		9A703DE52828606600104D57 /* AppDelegate.swift */ = {isa = PBXFileReference; lastKnownFileType = sourcecode.swift; path = AppDelegate.swift; sourceTree = "<group>"; };
		9A703DE72828606600104D57 /* SceneDelegate.swift */ = {isa = PBXFileReference; lastKnownFileType = sourcecode.swift; path = SceneDelegate.swift; sourceTree = "<group>"; };
		9A703DEC2828606600104D57 /* Base */ = {isa = PBXFileReference; lastKnownFileType = file.storyboard; name = Base; path = Base.lproj/Main.storyboard; sourceTree = "<group>"; };
		9A703DEE2828606900104D57 /* Assets.xcassets */ = {isa = PBXFileReference; lastKnownFileType = folder.assetcatalog; path = Assets.xcassets; sourceTree = "<group>"; };
		9A703DF12828606900104D57 /* Base */ = {isa = PBXFileReference; lastKnownFileType = file.storyboard; name = Base; path = Base.lproj/LaunchScreen.storyboard; sourceTree = "<group>"; };
		9A703DF32828606900104D57 /* Info.plist */ = {isa = PBXFileReference; lastKnownFileType = text.plist.xml; path = Info.plist; sourceTree = "<group>"; };
		9A703E0528286F9400104D57 /* WeatherViewController.swift */ = {isa = PBXFileReference; lastKnownFileType = sourcecode.swift; path = WeatherViewController.swift; sourceTree = "<group>"; };
		9ADE3E5C2829460600FA31B6 /* WeatherManager.swift */ = {isa = PBXFileReference; lastKnownFileType = sourcecode.swift; path = WeatherManager.swift; sourceTree = "<group>"; };
		9ADE3E5F2829487500FA31B6 /* WeatherModel.swift */ = {isa = PBXFileReference; lastKnownFileType = sourcecode.swift; path = WeatherModel.swift; sourceTree = "<group>"; };
		9ADE3E622829496F00FA31B6 /* WeatherData.swift */ = {isa = PBXFileReference; lastKnownFileType = sourcecode.swift; path = WeatherData.swift; sourceTree = "<group>"; };
/* End PBXFileReference section */

/* Begin PBXFrameworksBuildPhase section */
		9A703DDF2828606600104D57 /* Frameworks */ = {
			isa = PBXFrameworksBuildPhase;
			buildActionMask = 2147483647;
			files = (
			);
			runOnlyForDeploymentPostprocessing = 0;
		};
/* End PBXFrameworksBuildPhase section */

/* Begin PBXGroup section */
		9A703DD92828606600104D57 = {
			isa = PBXGroup;
			children = (
				9A703DE42828606600104D57 /* CityWeather */,
				9A703DE32828606600104D57 /* Products */,
			);
			sourceTree = "<group>";
		};
		9A703DE32828606600104D57 /* Products */ = {
			isa = PBXGroup;
			children = (
				9A703DE22828606600104D57 /* CityWeather.app */,
			);
			name = Products;
			sourceTree = "<group>";
		};
		9A703DE42828606600104D57 /* CityWeather */ = {
			isa = PBXGroup;
			children = (
				9A703DFF282860C600104D57 /* Services */,
				9A703DFE282860BE00104D57 /* Models */,
				9A703DFB2828607A00104D57 /* Controllers */,
				9A703DFC2828608600104D57 /* Views */,
				9A703DFA2828607300104D57 /* Apps */,
				9A703DFD2828608E00104D57 /* Resources */,
			);
			path = CityWeather;
			sourceTree = "<group>";
		};
		9A703DFA2828607300104D57 /* Apps */ = {
			isa = PBXGroup;
			children = (
				9A703DE52828606600104D57 /* AppDelegate.swift */,
				9A703DE72828606600104D57 /* SceneDelegate.swift */,
				9A703DF32828606900104D57 /* Info.plist */,
			);
			path = Apps;
			sourceTree = "<group>";
		};
		9A703DFB2828607A00104D57 /* Controllers */ = {
			isa = PBXGroup;
			children = (
				9A703E0528286F9400104D57 /* WeatherViewController.swift */,
			);
			path = Controllers;
			sourceTree = "<group>";
		};
		9A703DFC2828608600104D57 /* Views */ = {
			isa = PBXGroup;
			children = (
				9A703DEB2828606600104D57 /* Main.storyboard */,
				9A703DF02828606900104D57 /* LaunchScreen.storyboard */,
			);
			path = Views;
			sourceTree = "<group>";
		};
		9A703DFD2828608E00104D57 /* Resources */ = {
			isa = PBXGroup;
			children = (
				9A703DEE2828606900104D57 /* Assets.xcassets */,
			);
			path = Resources;
			sourceTree = "<group>";
		};
		9A703DFE282860BE00104D57 /* Models */ = {
			isa = PBXGroup;
			children = (
				9ADE3E5F2829487500FA31B6 /* WeatherModel.swift */,
				9ADE3E622829496F00FA31B6 /* WeatherData.swift */,
			);
			path = Models;
			sourceTree = "<group>";
		};
		9A703DFF282860C600104D57 /* Services */ = {
			isa = PBXGroup;
			children = (
				9ADE3E5C2829460600FA31B6 /* WeatherManager.swift */,
			);
			path = Services;
			sourceTree = "<group>";
		};
/* End PBXGroup section */

/* Begin PBXNativeTarget section */
		9A703DE12828606600104D57 /* CityWeather */ = {
			isa = PBXNativeTarget;
			buildConfigurationList = 9A703DF62828606900104D57 /* Build configuration list for PBXNativeTarget "CityWeather" */;
			buildPhases = (
				9A703DDE2828606600104D57 /* Sources */,
				9A703DDF2828606600104D57 /* Frameworks */,
				9A703DE02828606600104D57 /* Resources */,
			);
			buildRules = (
			);
			dependencies = (
			);
			name = CityWeather;
			productName = CityWeather;
			productReference = 9A703DE22828606600104D57 /* CityWeather.app */;
			productType = "com.apple.product-type.application";
		};
/* End PBXNativeTarget section */

/* Begin PBXProject section */
		9A703DDA2828606600104D57 /* Project object */ = {
			isa = PBXProject;
			attributes = {
				LastSwiftUpdateCheck = 1240;
				LastUpgradeCheck = 1240;
				TargetAttributes = {
					9A703DE12828606600104D57 = {
						CreatedOnToolsVersion = 12.4;
					};
				};
			};
			buildConfigurationList = 9A703DDD2828606600104D57 /* Build configuration list for PBXProject "CityWeather" */;
			compatibilityVersion = "Xcode 9.3";
			developmentRegion = en;
			hasScannedForEncodings = 0;
			knownRegions = (
				en,
				Base,
			);
			mainGroup = 9A703DD92828606600104D57;
			productRefGroup = 9A703DE32828606600104D57 /* Products */;
			projectDirPath = "";
			projectRoot = "";
			targets = (
				9A703DE12828606600104D57 /* CityWeather */,
			);
		};
/* End PBXProject section */

/* Begin PBXResourcesBuildPhase section */
		9A703DE02828606600104D57 /* Resources */ = {
			isa = PBXResourcesBuildPhase;
			buildActionMask = 2147483647;
			files = (
				9A703DF22828606900104D57 /* LaunchScreen.storyboard in Resources */,
				9A703DEF2828606900104D57 /* Assets.xcassets in Resources */,
				9A703DED2828606600104D57 /* Main.storyboard in Resources */,
			);
			runOnlyForDeploymentPostprocessing = 0;
		};
/* End PBXResourcesBuildPhase section */

/* Begin PBXSourcesBuildPhase section */
		9A703DDE2828606600104D57 /* Sources */ = {
			isa = PBXSourcesBuildPhase;
			buildActionMask = 2147483647;
			files = (
				9A703DE62828606600104D57 /* AppDelegate.swift in Sources */,
				9A703DE82828606600104D57 /* SceneDelegate.swift in Sources */,
				9ADE3E632829496F00FA31B6 /* WeatherData.swift in Sources */,
				9ADE3E5D2829460600FA31B6 /* WeatherManager.swift in Sources */,
				9ADE3E602829487500FA31B6 /* WeatherModel.swift in Sources */,
				9A703E0628286F9400104D57 /* WeatherViewController.swift in Sources */,
			);
			runOnlyForDeploymentPostprocessing = 0;
		};
/* End PBXSourcesBuildPhase section */

/* Begin PBXVariantGroup section */
		9A703DEB2828606600104D57 /* Main.storyboard */ = {
			isa = PBXVariantGroup;
			children = (
				9A703DEC2828606600104D57 /* Base */,
			);
			name = Main.storyboard;
			sourceTree = "<group>";
		};
		9A703DF02828606900104D57 /* LaunchScreen.storyboard */ = {
			isa = PBXVariantGroup;
			children = (
				9A703DF12828606900104D57 /* Base */,
			);
			name = LaunchScreen.storyboard;
			sourceTree = "<group>";
		};
/* End PBXVariantGroup section */

/* Begin XCBuildConfiguration section */
		9A703DF42828606900104D57 /* Debug */ = {
			isa = XCBuildConfiguration;
			buildSettings = {
				ALWAYS_SEARCH_USER_PATHS = NO;
				CLANG_ANALYZER_NONNULL = YES;
				CLANG_ANALYZER_NUMBER_OBJECT_CONVERSION = YES_AGGRESSIVE;
				CLANG_CXX_LANGUAGE_STANDARD = "gnu++14";
				CLANG_CXX_LIBRARY = "libc++";
				CLANG_ENABLE_MODULES = YES;
				CLANG_ENABLE_OBJC_ARC = YES;
				CLANG_ENABLE_OBJC_WEAK = YES;
				CLANG_WARN_BLOCK_CAPTURE_AUTORELEASING = YES;
				CLANG_WARN_BOOL_CONVERSION = YES;
				CLANG_WARN_COMMA = YES;
				CLANG_WARN_CONSTANT_CONVERSION = YES;
				CLANG_WARN_DEPRECATED_OBJC_IMPLEMENTATIONS = YES;
				CLANG_WARN_DIRECT_OBJC_ISA_USAGE = YES_ERROR;
				CLANG_WARN_DOCUMENTATION_COMMENTS = YES;
				CLANG_WARN_EMPTY_BODY = YES;
				CLANG_WARN_ENUM_CONVERSION = YES;
				CLANG_WARN_INFINITE_RECURSION = YES;
				CLANG_WARN_INT_CONVERSION = YES;
				CLANG_WARN_NON_LITERAL_NULL_CONVERSION = YES;
				CLANG_WARN_OBJC_IMPLICIT_RETAIN_SELF = YES;
				CLANG_WARN_OBJC_LITERAL_CONVERSION = YES;
				CLANG_WARN_OBJC_ROOT_CLASS = YES_ERROR;
				CLANG_WARN_QUOTED_INCLUDE_IN_FRAMEWORK_HEADER = YES;
				CLANG_WARN_RANGE_LOOP_ANALYSIS = YES;
				CLANG_WARN_STRICT_PROTOTYPES = YES;
				CLANG_WARN_SUSPICIOUS_MOVE = YES;
				CLANG_WARN_UNGUARDED_AVAILABILITY = YES_AGGRESSIVE;
				CLANG_WARN_UNREACHABLE_CODE = YES;
				CLANG_WARN__DUPLICATE_METHOD_MATCH = YES;
				COPY_PHASE_STRIP = NO;
				DEBUG_INFORMATION_FORMAT = dwarf;
				ENABLE_STRICT_OBJC_MSGSEND = YES;
				ENABLE_TESTABILITY = YES;
				GCC_C_LANGUAGE_STANDARD = gnu11;
				GCC_DYNAMIC_NO_PIC = NO;
				GCC_NO_COMMON_BLOCKS = YES;
				GCC_OPTIMIZATION_LEVEL = 0;
				GCC_PREPROCESSOR_DEFINITIONS = (
					"DEBUG=1",
					"$(inherited)",
				);
				GCC_WARN_64_TO_32_BIT_CONVERSION = YES;
				GCC_WARN_ABOUT_RETURN_TYPE = YES_ERROR;
				GCC_WARN_UNDECLARED_SELECTOR = YES;
				GCC_WARN_UNINITIALIZED_AUTOS = YES_AGGRESSIVE;
				GCC_WARN_UNUSED_FUNCTION = YES;
				GCC_WARN_UNUSED_VARIABLE = YES;
				IPHONEOS_DEPLOYMENT_TARGET = 14.4;
				MTL_ENABLE_DEBUG_INFO = INCLUDE_SOURCE;
				MTL_FAST_MATH = YES;
				ONLY_ACTIVE_ARCH = YES;
				SDKROOT = iphoneos;
				SWIFT_ACTIVE_COMPILATION_CONDITIONS = DEBUG;
				SWIFT_OPTIMIZATION_LEVEL = "-Onone";
			};
			name = Debug;
		};
		9A703DF52828606900104D57 /* Release */ = {
			isa = XCBuildConfiguration;
			buildSettings = {
				ALWAYS_SEARCH_USER_PATHS = NO;
				CLANG_ANALYZER_NONNULL = YES;
				CLANG_ANALYZER_NUMBER_OBJECT_CONVERSION = YES_AGGRESSIVE;
				CLANG_CXX_LANGUAGE_STANDARD = "gnu++14";
				CLANG_CXX_LIBRARY = "libc++";
				CLANG_ENABLE_MODULES = YES;
				CLANG_ENABLE_OBJC_ARC = YES;
				CLANG_ENABLE_OBJC_WEAK = YES;
				CLANG_WARN_BLOCK_CAPTURE_AUTORELEASING = YES;
				CLANG_WARN_BOOL_CONVERSION = YES;
				CLANG_WARN_COMMA = YES;
				CLANG_WARN_CONSTANT_CONVERSION = YES;
				CLANG_WARN_DEPRECATED_OBJC_IMPLEMENTATIONS = YES;
				CLANG_WARN_DIRECT_OBJC_ISA_USAGE = YES_ERROR;
				CLANG_WARN_DOCUMENTATION_COMMENTS = YES;
				CLANG_WARN_EMPTY_BODY = YES;
				CLANG_WARN_ENUM_CONVERSION = YES;
				CLANG_WARN_INFINITE_RECURSION = YES;
				CLANG_WARN_INT_CONVERSION = YES;
				CLANG_WARN_NON_LITERAL_NULL_CONVERSION = YES;
				CLANG_WARN_OBJC_IMPLICIT_RETAIN_SELF = YES;
				CLANG_WARN_OBJC_LITERAL_CONVERSION = YES;
				CLANG_WARN_OBJC_ROOT_CLASS = YES_ERROR;
				CLANG_WARN_QUOTED_INCLUDE_IN_FRAMEWORK_HEADER = YES;
				CLANG_WARN_RANGE_LOOP_ANALYSIS = YES;
				CLANG_WARN_STRICT_PROTOTYPES = YES;
				CLANG_WARN_SUSPICIOUS_MOVE = YES;
				CLANG_WARN_UNGUARDED_AVAILABILITY = YES_AGGRESSIVE;
				CLANG_WARN_UNREACHABLE_CODE = YES;
				CLANG_WARN__DUPLICATE_METHOD_MATCH = YES;
				COPY_PHASE_STRIP = NO;
				DEBUG_INFORMATION_FORMAT = "dwarf-with-dsym";
				ENABLE_NS_ASSERTIONS = NO;
				ENABLE_STRICT_OBJC_MSGSEND = YES;
				GCC_C_LANGUAGE_STANDARD = gnu11;
				GCC_NO_COMMON_BLOCKS = YES;
				GCC_WARN_64_TO_32_BIT_CONVERSION = YES;
				GCC_WARN_ABOUT_RETURN_TYPE = YES_ERROR;
				GCC_WARN_UNDECLARED_SELECTOR = YES;
				GCC_WARN_UNINITIALIZED_AUTOS = YES_AGGRESSIVE;
				GCC_WARN_UNUSED_FUNCTION = YES;
				GCC_WARN_UNUSED_VARIABLE = YES;
				IPHONEOS_DEPLOYMENT_TARGET = 14.4;
				MTL_ENABLE_DEBUG_INFO = NO;
				MTL_FAST_MATH = YES;
				SDKROOT = iphoneos;
				SWIFT_COMPILATION_MODE = wholemodule;
				SWIFT_OPTIMIZATION_LEVEL = "-O";
				VALIDATE_PRODUCT = YES;
			};
			name = Release;
		};
		9A703DF72828606900104D57 /* Debug */ = {
			isa = XCBuildConfiguration;
			buildSettings = {
				ASSETCATALOG_COMPILER_APPICON_NAME = AppIcon;
				ASSETCATALOG_COMPILER_GLOBAL_ACCENT_COLOR_NAME = AccentColor;
				CODE_SIGN_STYLE = Automatic;
				DEVELOPMENT_TEAM = 4MMKWZWX48;
				INFOPLIST_FILE = CityWeather/Apps/Info.plist;
				LD_RUNPATH_SEARCH_PATHS = (
					"$(inherited)",
					"@executable_path/Frameworks",
				);
				PRODUCT_BUNDLE_IDENTIFIER = com.sayabeck.CityWeather;
				PRODUCT_NAME = "$(TARGET_NAME)";
				SWIFT_VERSION = 5.0;
				TARGETED_DEVICE_FAMILY = "1,2";
			};
			name = Debug;
		};
		9A703DF82828606900104D57 /* Release */ = {
			isa = XCBuildConfiguration;
			buildSettings = {
				ASSETCATALOG_COMPILER_APPICON_NAME = AppIcon;
				ASSETCATALOG_COMPILER_GLOBAL_ACCENT_COLOR_NAME = AccentColor;
				CODE_SIGN_STYLE = Automatic;
				DEVELOPMENT_TEAM = 4MMKWZWX48;
				INFOPLIST_FILE = CityWeather/Apps/Info.plist;
				LD_RUNPATH_SEARCH_PATHS = (
					"$(inherited)",
					"@executable_path/Frameworks",
				);
				PRODUCT_BUNDLE_IDENTIFIER = com.sayabeck.CityWeather;
				PRODUCT_NAME = "$(TARGET_NAME)";
				SWIFT_VERSION = 5.0;
				TARGETED_DEVICE_FAMILY = "1,2";
			};
			name = Release;
		};
/* End XCBuildConfiguration section */

/* Begin XCConfigurationList section */
		9A703DDD2828606600104D57 /* Build configuration list for PBXProject "CityWeather" */ = {
			isa = XCConfigurationList;
			buildConfigurations = (
				9A703DF42828606900104D57 /* Debug */,
				9A703DF52828606900104D57 /* Release */,
			);
			defaultConfigurationIsVisible = 0;
			defaultConfigurationName = Release;
		};
		9A703DF62828606900104D57 /* Build configuration list for PBXNativeTarget "CityWeather" */ = {
			isa = XCConfigurationList;
			buildConfigurations = (
				9A703DF72828606900104D57 /* Debug */,
				9A703DF82828606900104D57 /* Release */,
			);
			defaultConfigurationIsVisible = 0;
			defaultConfigurationName = Release;
		};
/* End XCConfigurationList section */
	};
	rootObject = 9A703DDA2828606600104D57 /* Project object */;
}
